// !$*UTF8*$!
{
	archiveVersion = 1;
	classes = {
	};
	objectVersion = 55;
	objects = {

/* Begin PBXBuildFile section */
		339E5DF82AA0A63400F374BB /* AccountDetailViewModelTests.swift in Sources */ = {isa = PBXBuildFile; fileRef = 339E5DF72AA0A63400F374BB /* AccountDetailViewModelTests.swift */; };
		339E5DFB2AA0AA3200F374BB /* Added10Pounds.json in Resources */ = {isa = PBXBuildFile; fileRef = 339E5DF92AA0A8DE00F374BB /* Added10Pounds.json */; };
		339E5DFD2AA0B78400F374BB /* Double+CurrencyTests.swift in Sources */ = {isa = PBXBuildFile; fileRef = 339E5DFC2AA0B78400F374BB /* Double+CurrencyTests.swift */; };
		33F486E52A9F63210046A522 /* LoginViewModel.swift in Sources */ = {isa = PBXBuildFile; fileRef = 33F486E42A9F63210046A522 /* LoginViewModel.swift */; };
		33F486E72A9F69550046A522 /* AccountsViewController.swift in Sources */ = {isa = PBXBuildFile; fileRef = 33F486E62A9F69550046A522 /* AccountsViewController.swift */; };
		33F486E92A9F74F80046A522 /* LoginViewModelTests.swift in Sources */ = {isa = PBXBuildFile; fileRef = 33F486E82A9F74F80046A522 /* LoginViewModelTests.swift */; };
		33F486EC2A9F761A0046A522 /* DataProviderMock.swift in Sources */ = {isa = PBXBuildFile; fileRef = 33F486EB2A9F761A0046A522 /* DataProviderMock.swift */; };
		33F486F02A9F7A310046A522 /* AccountsViewModel.swift in Sources */ = {isa = PBXBuildFile; fileRef = 33F486EF2A9F7A310046A522 /* AccountsViewModel.swift */; };
		33F486F22A9F7FD40046A522 /* AccountTableViewCell.swift in Sources */ = {isa = PBXBuildFile; fileRef = 33F486F12A9F7FD40046A522 /* AccountTableViewCell.swift */; };
		33F486F42A9F82110046A522 /* AccountTableViewCellModel.swift in Sources */ = {isa = PBXBuildFile; fileRef = 33F486F32A9F82110046A522 /* AccountTableViewCellModel.swift */; };
		33F486F72A9F90C00046A522 /* Double+Currency.swift in Sources */ = {isa = PBXBuildFile; fileRef = 33F486F62A9F90C00046A522 /* Double+Currency.swift */; };
		33F486F92A9F9D170046A522 /* AccountsTableViewHeader.swift in Sources */ = {isa = PBXBuildFile; fileRef = 33F486F82A9F9D170046A522 /* AccountsTableViewHeader.swift */; };
		33F486FB2A9FA45E0046A522 /* AccountsTableViewHeaderViewModel.swift in Sources */ = {isa = PBXBuildFile; fileRef = 33F486FA2A9FA45E0046A522 /* AccountsTableViewHeaderViewModel.swift */; };
		33F486FD2A9FAD2E0046A522 /* AccountsViewModelTests.swift in Sources */ = {isa = PBXBuildFile; fileRef = 33F486FC2A9FAD2E0046A522 /* AccountsViewModelTests.swift */; };
		33F486FF2A9FAFE10046A522 /* AccountResponseMock.swift in Sources */ = {isa = PBXBuildFile; fileRef = 33F486FE2A9FAFE10046A522 /* AccountResponseMock.swift */; };
		33F487022A9FB6EB0046A522 /* AccountDetailViewController.swift in Sources */ = {isa = PBXBuildFile; fileRef = 33F487012A9FB6EB0046A522 /* AccountDetailViewController.swift */; };
		33F487042A9FB9960046A522 /* AccountDetailViewModel.swift in Sources */ = {isa = PBXBuildFile; fileRef = 33F487032A9FB9960046A522 /* AccountDetailViewModel.swift */; };
		B228EA6B2880B30B00B35F16 /* LoginViewController.swift in Sources */ = {isa = PBXBuildFile; fileRef = B228EA692880B30B00B35F16 /* LoginViewController.swift */; };
		B228EA6C2880B30B00B35F16 /* Main.storyboard in Resources */ = {isa = PBXBuildFile; fileRef = B228EA6A2880B30B00B35F16 /* Main.storyboard */; };
		B26EF47828881E7F003BFDF2 /* Networking in Frameworks */ = {isa = PBXBuildFile; productRef = B26EF47728881E7F003BFDF2 /* Networking */; };
		B2CA46CC279350880041B3A5 /* AppDelegate.swift in Sources */ = {isa = PBXBuildFile; fileRef = B2CA46CB279350880041B3A5 /* AppDelegate.swift */; };
		B2CA46D52793508A0041B3A5 /* Assets.xcassets in Resources */ = {isa = PBXBuildFile; fileRef = B2CA46D42793508A0041B3A5 /* Assets.xcassets */; };
		B2CA46D82793508A0041B3A5 /* LaunchScreen.storyboard in Resources */ = {isa = PBXBuildFile; fileRef = B2CA46D62793508A0041B3A5 /* LaunchScreen.storyboard */; };
		B2CA47672794D69A0041B3A5 /* StubData.swift in Sources */ = {isa = PBXBuildFile; fileRef = B2CA47662794D69A0041B3A5 /* StubData.swift */; };
		B2CA47712794D8E50041B3A5 /* LoginSucceed.json in Resources */ = {isa = PBXBuildFile; fileRef = B2CA47692794D6D70041B3A5 /* LoginSucceed.json */; };
		B2CA47B42796052F0041B3A5 /* Accounts.json in Resources */ = {isa = PBXBuildFile; fileRef = B2CA47B2279604A10041B3A5 /* Accounts.json */; };
/* End PBXBuildFile section */

/* Begin PBXContainerItemProxy section */
		B2CA46DF2793508A0041B3A5 /* PBXContainerItemProxy */ = {
			isa = PBXContainerItemProxy;
			containerPortal = B2CA46C0279350880041B3A5 /* Project object */;
			proxyType = 1;
			remoteGlobalIDString = B2CA46C7279350880041B3A5;
			remoteInfo = MoneyBox;
		};
/* End PBXContainerItemProxy section */

/* Begin PBXFileReference section */
		339E5DF72AA0A63400F374BB /* AccountDetailViewModelTests.swift */ = {isa = PBXFileReference; lastKnownFileType = sourcecode.swift; path = AccountDetailViewModelTests.swift; sourceTree = "<group>"; };
		339E5DF92AA0A8DE00F374BB /* Added10Pounds.json */ = {isa = PBXFileReference; fileEncoding = 4; lastKnownFileType = text.json; path = Added10Pounds.json; sourceTree = "<group>"; };
		339E5DFC2AA0B78400F374BB /* Double+CurrencyTests.swift */ = {isa = PBXFileReference; lastKnownFileType = sourcecode.swift; path = "Double+CurrencyTests.swift"; sourceTree = "<group>"; };
		33F486E42A9F63210046A522 /* LoginViewModel.swift */ = {isa = PBXFileReference; lastKnownFileType = sourcecode.swift; path = LoginViewModel.swift; sourceTree = "<group>"; };
		33F486E62A9F69550046A522 /* AccountsViewController.swift */ = {isa = PBXFileReference; lastKnownFileType = sourcecode.swift; path = AccountsViewController.swift; sourceTree = "<group>"; };
		33F486E82A9F74F80046A522 /* LoginViewModelTests.swift */ = {isa = PBXFileReference; lastKnownFileType = sourcecode.swift; path = LoginViewModelTests.swift; sourceTree = "<group>"; };
		33F486EB2A9F761A0046A522 /* DataProviderMock.swift */ = {isa = PBXFileReference; lastKnownFileType = sourcecode.swift; path = DataProviderMock.swift; sourceTree = "<group>"; };
		33F486EF2A9F7A310046A522 /* AccountsViewModel.swift */ = {isa = PBXFileReference; lastKnownFileType = sourcecode.swift; path = AccountsViewModel.swift; sourceTree = "<group>"; };
		33F486F12A9F7FD40046A522 /* AccountTableViewCell.swift */ = {isa = PBXFileReference; lastKnownFileType = sourcecode.swift; path = AccountTableViewCell.swift; sourceTree = "<group>"; };
		33F486F32A9F82110046A522 /* AccountTableViewCellModel.swift */ = {isa = PBXFileReference; lastKnownFileType = sourcecode.swift; path = AccountTableViewCellModel.swift; sourceTree = "<group>"; };
		33F486F62A9F90C00046A522 /* Double+Currency.swift */ = {isa = PBXFileReference; lastKnownFileType = sourcecode.swift; path = "Double+Currency.swift"; sourceTree = "<group>"; };
		33F486F82A9F9D170046A522 /* AccountsTableViewHeader.swift */ = {isa = PBXFileReference; lastKnownFileType = sourcecode.swift; path = AccountsTableViewHeader.swift; sourceTree = "<group>"; };
		33F486FA2A9FA45E0046A522 /* AccountsTableViewHeaderViewModel.swift */ = {isa = PBXFileReference; lastKnownFileType = sourcecode.swift; path = AccountsTableViewHeaderViewModel.swift; sourceTree = "<group>"; };
		33F486FC2A9FAD2E0046A522 /* AccountsViewModelTests.swift */ = {isa = PBXFileReference; lastKnownFileType = sourcecode.swift; path = AccountsViewModelTests.swift; sourceTree = "<group>"; };
		33F486FE2A9FAFE10046A522 /* AccountResponseMock.swift */ = {isa = PBXFileReference; lastKnownFileType = sourcecode.swift; path = AccountResponseMock.swift; sourceTree = "<group>"; };
		33F487012A9FB6EB0046A522 /* AccountDetailViewController.swift */ = {isa = PBXFileReference; lastKnownFileType = sourcecode.swift; path = AccountDetailViewController.swift; sourceTree = "<group>"; };
		33F487032A9FB9960046A522 /* AccountDetailViewModel.swift */ = {isa = PBXFileReference; lastKnownFileType = sourcecode.swift; path = AccountDetailViewModel.swift; sourceTree = "<group>"; };
		B228EA692880B30B00B35F16 /* LoginViewController.swift */ = {isa = PBXFileReference; fileEncoding = 4; lastKnownFileType = sourcecode.swift; path = LoginViewController.swift; sourceTree = "<group>"; };
		B228EA6A2880B30B00B35F16 /* Main.storyboard */ = {isa = PBXFileReference; fileEncoding = 4; lastKnownFileType = file.storyboard; path = Main.storyboard; sourceTree = "<group>"; };
		B24EED92288ED5740016C233 /* Networking */ = {isa = PBXFileReference; lastKnownFileType = wrapper; path = Networking; sourceTree = "<group>"; };
		B2CA46C8279350880041B3A5 /* MoneyBox.app */ = {isa = PBXFileReference; explicitFileType = wrapper.application; includeInIndex = 0; path = MoneyBox.app; sourceTree = BUILT_PRODUCTS_DIR; };
		B2CA46CB279350880041B3A5 /* AppDelegate.swift */ = {isa = PBXFileReference; lastKnownFileType = sourcecode.swift; path = AppDelegate.swift; sourceTree = "<group>"; };
		B2CA46D42793508A0041B3A5 /* Assets.xcassets */ = {isa = PBXFileReference; lastKnownFileType = folder.assetcatalog; path = Assets.xcassets; sourceTree = "<group>"; };
		B2CA46D72793508A0041B3A5 /* Base */ = {isa = PBXFileReference; lastKnownFileType = file.storyboard; name = Base; path = Base.lproj/LaunchScreen.storyboard; sourceTree = "<group>"; };
		B2CA46D92793508A0041B3A5 /* Info.plist */ = {isa = PBXFileReference; lastKnownFileType = text.plist.xml; path = Info.plist; sourceTree = "<group>"; };
		B2CA46DE2793508A0041B3A5 /* MoneyBoxTests.xctest */ = {isa = PBXFileReference; explicitFileType = wrapper.cfbundle; includeInIndex = 0; path = MoneyBoxTests.xctest; sourceTree = BUILT_PRODUCTS_DIR; };
		B2CA47662794D69A0041B3A5 /* StubData.swift */ = {isa = PBXFileReference; lastKnownFileType = sourcecode.swift; path = StubData.swift; sourceTree = "<group>"; };
		B2CA47692794D6D70041B3A5 /* LoginSucceed.json */ = {isa = PBXFileReference; lastKnownFileType = text.json; path = LoginSucceed.json; sourceTree = "<group>"; };
		B2CA47B2279604A10041B3A5 /* Accounts.json */ = {isa = PBXFileReference; lastKnownFileType = text.json; path = Accounts.json; sourceTree = "<group>"; };
/* End PBXFileReference section */

/* Begin PBXFrameworksBuildPhase section */
		B2CA46C5279350880041B3A5 /* Frameworks */ = {
			isa = PBXFrameworksBuildPhase;
			buildActionMask = 2147483647;
			files = (
				B26EF47828881E7F003BFDF2 /* Networking in Frameworks */,
			);
			runOnlyForDeploymentPostprocessing = 0;
		};
		B2CA46DB2793508A0041B3A5 /* Frameworks */ = {
			isa = PBXFrameworksBuildPhase;
			buildActionMask = 2147483647;
			files = (
			);
			runOnlyForDeploymentPostprocessing = 0;
		};
/* End PBXFrameworksBuildPhase section */

/* Begin PBXGroup section */
		33F486EA2A9F760B0046A522 /* Mocks */ = {
			isa = PBXGroup;
			children = (
				33F486EB2A9F761A0046A522 /* DataProviderMock.swift */,
				33F486FE2A9FAFE10046A522 /* AccountResponseMock.swift */,
			);
			path = Mocks;
			sourceTree = "<group>";
		};
		33F486ED2A9F79C90046A522 /* Login */ = {
			isa = PBXGroup;
			children = (
				B228EA692880B30B00B35F16 /* LoginViewController.swift */,
				33F486E42A9F63210046A522 /* LoginViewModel.swift */,
			);
			path = Login;
			sourceTree = "<group>";
		};
		33F486EE2A9F79D10046A522 /* Accounts */ = {
			isa = PBXGroup;
			children = (
				33F486F82A9F9D170046A522 /* AccountsTableViewHeader.swift */,
				33F486FA2A9FA45E0046A522 /* AccountsTableViewHeaderViewModel.swift */,
				33F486F12A9F7FD40046A522 /* AccountTableViewCell.swift */,
				33F486F32A9F82110046A522 /* AccountTableViewCellModel.swift */,
				33F486E62A9F69550046A522 /* AccountsViewController.swift */,
				33F486EF2A9F7A310046A522 /* AccountsViewModel.swift */,
			);
			path = Accounts;
			sourceTree = "<group>";
		};
		33F486F52A9F90AB0046A522 /* Extensions */ = {
			isa = PBXGroup;
			children = (
				33F486F62A9F90C00046A522 /* Double+Currency.swift */,
			);
			path = Extensions;
			sourceTree = "<group>";
		};
		33F487002A9FB6AB0046A522 /* AccountDetail */ = {
			isa = PBXGroup;
			children = (
				33F487012A9FB6EB0046A522 /* AccountDetailViewController.swift */,
				33F487032A9FB9960046A522 /* AccountDetailViewModel.swift */,
			);
			path = AccountDetail;
			sourceTree = "<group>";
		};
		B2CA46BF279350880041B3A5 = {
			isa = PBXGroup;
			children = (
				B2DEEA31288818470030A8F2 /* Packages */,
				B2CA46CA279350880041B3A5 /* MoneyBox */,
				B2CA46E12793508A0041B3A5 /* MoneyBoxTests */,
				B2CA46C9279350880041B3A5 /* Products */,
			);
			sourceTree = "<group>";
		};
		B2CA46C9279350880041B3A5 /* Products */ = {
			isa = PBXGroup;
			children = (
				B2CA46C8279350880041B3A5 /* MoneyBox.app */,
				B2CA46DE2793508A0041B3A5 /* MoneyBoxTests.xctest */,
			);
			name = Products;
			sourceTree = "<group>";
		};
		B2CA46CA279350880041B3A5 /* MoneyBox */ = {
			isa = PBXGroup;
			children = (
				33F486ED2A9F79C90046A522 /* Login */,
				33F486EE2A9F79D10046A522 /* Accounts */,
				33F487002A9FB6AB0046A522 /* AccountDetail */,
				33F486F52A9F90AB0046A522 /* Extensions */,
				B228EA6A2880B30B00B35F16 /* Main.storyboard */,
				B2CA46CB279350880041B3A5 /* AppDelegate.swift */,
				B2CA46D42793508A0041B3A5 /* Assets.xcassets */,
				B2CA46D62793508A0041B3A5 /* LaunchScreen.storyboard */,
				B2CA46D92793508A0041B3A5 /* Info.plist */,
			);
			path = MoneyBox;
			sourceTree = "<group>";
		};
		B2CA46E12793508A0041B3A5 /* MoneyBoxTests */ = {
			isa = PBXGroup;
			children = (
				33F486EA2A9F760B0046A522 /* Mocks */,
				B2CA47662794D69A0041B3A5 /* StubData.swift */,
				33F486E82A9F74F80046A522 /* LoginViewModelTests.swift */,
				33F486FC2A9FAD2E0046A522 /* AccountsViewModelTests.swift */,
				339E5DF72AA0A63400F374BB /* AccountDetailViewModelTests.swift */,
				339E5DFC2AA0B78400F374BB /* Double+CurrencyTests.swift */,
				B2CA47682794D6AC0041B3A5 /* ResponseJsons */,
			);
			path = MoneyBoxTests;
			sourceTree = "<group>";
		};
		B2CA47682794D6AC0041B3A5 /* ResponseJsons */ = {
			isa = PBXGroup;
			children = (
				339E5DF92AA0A8DE00F374BB /* Added10Pounds.json */,
				B2CA47692794D6D70041B3A5 /* LoginSucceed.json */,
				B2CA47B2279604A10041B3A5 /* Accounts.json */,
			);
			path = ResponseJsons;
			sourceTree = "<group>";
		};
		B2DEEA31288818470030A8F2 /* Packages */ = {
			isa = PBXGroup;
			children = (
				B24EED92288ED5740016C233 /* Networking */,
			);
			name = Packages;
			sourceTree = "<group>";
		};
/* End PBXGroup section */

/* Begin PBXNativeTarget section */
		B2CA46C7279350880041B3A5 /* MoneyBox */ = {
			isa = PBXNativeTarget;
			buildConfigurationList = B2CA46F22793508A0041B3A5 /* Build configuration list for PBXNativeTarget "MoneyBox" */;
			buildPhases = (
				B2CA46C4279350880041B3A5 /* Sources */,
				B2CA46C5279350880041B3A5 /* Frameworks */,
				B2CA46C6279350880041B3A5 /* Resources */,
			);
			buildRules = (
			);
			dependencies = (
			);
			name = MoneyBox;
			packageProductDependencies = (
				B26EF47728881E7F003BFDF2 /* Networking */,
			);
			productName = MoneyBox;
			productReference = B2CA46C8279350880041B3A5 /* MoneyBox.app */;
			productType = "com.apple.product-type.application";
		};
		B2CA46DD2793508A0041B3A5 /* MoneyBoxTests */ = {
			isa = PBXNativeTarget;
			buildConfigurationList = B2CA46F52793508A0041B3A5 /* Build configuration list for PBXNativeTarget "MoneyBoxTests" */;
			buildPhases = (
				B2CA46DA2793508A0041B3A5 /* Sources */,
				B2CA46DB2793508A0041B3A5 /* Frameworks */,
				B2CA46DC2793508A0041B3A5 /* Resources */,
			);
			buildRules = (
			);
			dependencies = (
				B2CA46E02793508A0041B3A5 /* PBXTargetDependency */,
			);
			name = MoneyBoxTests;
			productName = MoneyBoxTests;
			productReference = B2CA46DE2793508A0041B3A5 /* MoneyBoxTests.xctest */;
			productType = "com.apple.product-type.bundle.unit-test";
		};
/* End PBXNativeTarget section */

/* Begin PBXProject section */
		B2CA46C0279350880041B3A5 /* Project object */ = {
			isa = PBXProject;
			attributes = {
				BuildIndependentTargetsInParallel = 1;
				LastSwiftUpdateCheck = 1320;
				LastUpgradeCheck = 1320;
				TargetAttributes = {
					B2CA46C7279350880041B3A5 = {
						CreatedOnToolsVersion = 13.2.1;
					};
					B2CA46DD2793508A0041B3A5 = {
						CreatedOnToolsVersion = 13.2.1;
						TestTargetID = B2CA46C7279350880041B3A5;
					};
				};
			};
			buildConfigurationList = B2CA46C3279350880041B3A5 /* Build configuration list for PBXProject "MoneyBox" */;
			compatibilityVersion = "Xcode 13.0";
			developmentRegion = en;
			hasScannedForEncodings = 0;
			knownRegions = (
				en,
				Base,
			);
			mainGroup = B2CA46BF279350880041B3A5;
			packageReferences = (
			);
			productRefGroup = B2CA46C9279350880041B3A5 /* Products */;
			projectDirPath = "";
			projectRoot = "";
			targets = (
				B2CA46C7279350880041B3A5 /* MoneyBox */,
				B2CA46DD2793508A0041B3A5 /* MoneyBoxTests */,
			);
		};
/* End PBXProject section */

/* Begin PBXResourcesBuildPhase section */
		B2CA46C6279350880041B3A5 /* Resources */ = {
			isa = PBXResourcesBuildPhase;
			buildActionMask = 2147483647;
			files = (
				B2CA46D82793508A0041B3A5 /* LaunchScreen.storyboard in Resources */,
				B2CA47712794D8E50041B3A5 /* LoginSucceed.json in Resources */,
				339E5DFB2AA0AA3200F374BB /* Added10Pounds.json in Resources */,
				B2CA46D52793508A0041B3A5 /* Assets.xcassets in Resources */,
				B228EA6C2880B30B00B35F16 /* Main.storyboard in Resources */,
				B2CA47B42796052F0041B3A5 /* Accounts.json in Resources */,
			);
			runOnlyForDeploymentPostprocessing = 0;
		};
		B2CA46DC2793508A0041B3A5 /* Resources */ = {
			isa = PBXResourcesBuildPhase;
			buildActionMask = 2147483647;
			files = (
			);
			runOnlyForDeploymentPostprocessing = 0;
		};
/* End PBXResourcesBuildPhase section */

/* Begin PBXSourcesBuildPhase section */
		B2CA46C4279350880041B3A5 /* Sources */ = {
			isa = PBXSourcesBuildPhase;
			buildActionMask = 2147483647;
			files = (
				33F486F02A9F7A310046A522 /* AccountsViewModel.swift in Sources */,
				33F486F42A9F82110046A522 /* AccountTableViewCellModel.swift in Sources */,
				B2CA46CC279350880041B3A5 /* AppDelegate.swift in Sources */,
				33F487042A9FB9960046A522 /* AccountDetailViewModel.swift in Sources */,
				B228EA6B2880B30B00B35F16 /* LoginViewController.swift in Sources */,
				33F486F22A9F7FD40046A522 /* AccountTableViewCell.swift in Sources */,
				33F486FB2A9FA45E0046A522 /* AccountsTableViewHeaderViewModel.swift in Sources */,
				33F486F72A9F90C00046A522 /* Double+Currency.swift in Sources */,
				33F486F92A9F9D170046A522 /* AccountsTableViewHeader.swift in Sources */,
				33F487022A9FB6EB0046A522 /* AccountDetailViewController.swift in Sources */,
				33F486E72A9F69550046A522 /* AccountsViewController.swift in Sources */,
				33F486E52A9F63210046A522 /* LoginViewModel.swift in Sources */,
			);
			runOnlyForDeploymentPostprocessing = 0;
		};
		B2CA46DA2793508A0041B3A5 /* Sources */ = {
			isa = PBXSourcesBuildPhase;
			buildActionMask = 2147483647;
			files = (
				33F486E92A9F74F80046A522 /* LoginViewModelTests.swift in Sources */,
				33F486FF2A9FAFE10046A522 /* AccountResponseMock.swift in Sources */,
				B2CA47672794D69A0041B3A5 /* StubData.swift in Sources */,
				33F486FD2A9FAD2E0046A522 /* AccountsViewModelTests.swift in Sources */,
				33F486EC2A9F761A0046A522 /* DataProviderMock.swift in Sources */,
				339E5DFD2AA0B78400F374BB /* Double+CurrencyTests.swift in Sources */,
				339E5DF82AA0A63400F374BB /* AccountDetailViewModelTests.swift in Sources */,
			);
			runOnlyForDeploymentPostprocessing = 0;
		};
/* End PBXSourcesBuildPhase section */

/* Begin PBXTargetDependency section */
		B2CA46E02793508A0041B3A5 /* PBXTargetDependency */ = {
			isa = PBXTargetDependency;
			target = B2CA46C7279350880041B3A5 /* MoneyBox */;
			targetProxy = B2CA46DF2793508A0041B3A5 /* PBXContainerItemProxy */;
		};
/* End PBXTargetDependency section */

/* Begin PBXVariantGroup section */
		B2CA46D62793508A0041B3A5 /* LaunchScreen.storyboard */ = {
			isa = PBXVariantGroup;
			children = (
				B2CA46D72793508A0041B3A5 /* Base */,
			);
			name = LaunchScreen.storyboard;
			sourceTree = "<group>";
		};
/* End PBXVariantGroup section */

/* Begin XCBuildConfiguration section */
		B2CA46F02793508A0041B3A5 /* Debug */ = {
			isa = XCBuildConfiguration;
			buildSettings = {
				ALWAYS_SEARCH_USER_PATHS = NO;
				CLANG_ANALYZER_NONNULL = YES;
				CLANG_ANALYZER_NUMBER_OBJECT_CONVERSION = YES_AGGRESSIVE;
				CLANG_CXX_LANGUAGE_STANDARD = "gnu++17";
				CLANG_CXX_LIBRARY = "libc++";
				CLANG_ENABLE_MODULES = YES;
				CLANG_ENABLE_OBJC_ARC = YES;
				CLANG_ENABLE_OBJC_WEAK = YES;
				CLANG_WARN_BLOCK_CAPTURE_AUTORELEASING = YES;
				CLANG_WARN_BOOL_CONVERSION = YES;
				CLANG_WARN_COMMA = YES;
				CLANG_WARN_CONSTANT_CONVERSION = YES;
				CLANG_WARN_DEPRECATED_OBJC_IMPLEMENTATIONS = YES;
				CLANG_WARN_DIRECT_OBJC_ISA_USAGE = YES_ERROR;
				CLANG_WARN_DOCUMENTATION_COMMENTS = YES;
				CLANG_WARN_EMPTY_BODY = YES;
				CLANG_WARN_ENUM_CONVERSION = YES;
				CLANG_WARN_INFINITE_RECURSION = YES;
				CLANG_WARN_INT_CONVERSION = YES;
				CLANG_WARN_NON_LITERAL_NULL_CONVERSION = YES;
				CLANG_WARN_OBJC_IMPLICIT_RETAIN_SELF = YES;
				CLANG_WARN_OBJC_LITERAL_CONVERSION = YES;
				CLANG_WARN_OBJC_ROOT_CLASS = YES_ERROR;
				CLANG_WARN_QUOTED_INCLUDE_IN_FRAMEWORK_HEADER = YES;
				CLANG_WARN_RANGE_LOOP_ANALYSIS = YES;
				CLANG_WARN_STRICT_PROTOTYPES = YES;
				CLANG_WARN_SUSPICIOUS_MOVE = YES;
				CLANG_WARN_UNGUARDED_AVAILABILITY = YES_AGGRESSIVE;
				CLANG_WARN_UNREACHABLE_CODE = YES;
				CLANG_WARN__DUPLICATE_METHOD_MATCH = YES;
				COPY_PHASE_STRIP = NO;
				DEBUG_INFORMATION_FORMAT = dwarf;
				ENABLE_STRICT_OBJC_MSGSEND = YES;
				ENABLE_TESTABILITY = YES;
				GCC_C_LANGUAGE_STANDARD = gnu11;
				GCC_DYNAMIC_NO_PIC = NO;
				GCC_NO_COMMON_BLOCKS = YES;
				GCC_OPTIMIZATION_LEVEL = 0;
				GCC_PREPROCESSOR_DEFINITIONS = (
					"DEBUG=1",
					"$(inherited)",
				);
				GCC_WARN_64_TO_32_BIT_CONVERSION = YES;
				GCC_WARN_ABOUT_RETURN_TYPE = YES_ERROR;
				GCC_WARN_UNDECLARED_SELECTOR = YES;
				GCC_WARN_UNINITIALIZED_AUTOS = YES_AGGRESSIVE;
				GCC_WARN_UNUSED_FUNCTION = YES;
				GCC_WARN_UNUSED_VARIABLE = YES;
				IPHONEOS_DEPLOYMENT_TARGET = 13.0;
				MTL_ENABLE_DEBUG_INFO = INCLUDE_SOURCE;
				MTL_FAST_MATH = YES;
				ONLY_ACTIVE_ARCH = YES;
				SDKROOT = iphoneos;
				SWIFT_ACTIVE_COMPILATION_CONDITIONS = DEBUG;
				SWIFT_OPTIMIZATION_LEVEL = "-Onone";
			};
			name = Debug;
		};
		B2CA46F12793508A0041B3A5 /* Release */ = {
			isa = XCBuildConfiguration;
			buildSettings = {
				ALWAYS_SEARCH_USER_PATHS = NO;
				CLANG_ANALYZER_NONNULL = YES;
				CLANG_ANALYZER_NUMBER_OBJECT_CONVERSION = YES_AGGRESSIVE;
				CLANG_CXX_LANGUAGE_STANDARD = "gnu++17";
				CLANG_CXX_LIBRARY = "libc++";
				CLANG_ENABLE_MODULES = YES;
				CLANG_ENABLE_OBJC_ARC = YES;
				CLANG_ENABLE_OBJC_WEAK = YES;
				CLANG_WARN_BLOCK_CAPTURE_AUTORELEASING = YES;
				CLANG_WARN_BOOL_CONVERSION = YES;
				CLANG_WARN_COMMA = YES;
				CLANG_WARN_CONSTANT_CONVERSION = YES;
				CLANG_WARN_DEPRECATED_OBJC_IMPLEMENTATIONS = YES;
				CLANG_WARN_DIRECT_OBJC_ISA_USAGE = YES_ERROR;
				CLANG_WARN_DOCUMENTATION_COMMENTS = YES;
				CLANG_WARN_EMPTY_BODY = YES;
				CLANG_WARN_ENUM_CONVERSION = YES;
				CLANG_WARN_INFINITE_RECURSION = YES;
				CLANG_WARN_INT_CONVERSION = YES;
				CLANG_WARN_NON_LITERAL_NULL_CONVERSION = YES;
				CLANG_WARN_OBJC_IMPLICIT_RETAIN_SELF = YES;
				CLANG_WARN_OBJC_LITERAL_CONVERSION = YES;
				CLANG_WARN_OBJC_ROOT_CLASS = YES_ERROR;
				CLANG_WARN_QUOTED_INCLUDE_IN_FRAMEWORK_HEADER = YES;
				CLANG_WARN_RANGE_LOOP_ANALYSIS = YES;
				CLANG_WARN_STRICT_PROTOTYPES = YES;
				CLANG_WARN_SUSPICIOUS_MOVE = YES;
				CLANG_WARN_UNGUARDED_AVAILABILITY = YES_AGGRESSIVE;
				CLANG_WARN_UNREACHABLE_CODE = YES;
				CLANG_WARN__DUPLICATE_METHOD_MATCH = YES;
				COPY_PHASE_STRIP = NO;
				DEBUG_INFORMATION_FORMAT = "dwarf-with-dsym";
				ENABLE_NS_ASSERTIONS = NO;
				ENABLE_STRICT_OBJC_MSGSEND = YES;
				GCC_C_LANGUAGE_STANDARD = gnu11;
				GCC_NO_COMMON_BLOCKS = YES;
				GCC_WARN_64_TO_32_BIT_CONVERSION = YES;
				GCC_WARN_ABOUT_RETURN_TYPE = YES_ERROR;
				GCC_WARN_UNDECLARED_SELECTOR = YES;
				GCC_WARN_UNINITIALIZED_AUTOS = YES_AGGRESSIVE;
				GCC_WARN_UNUSED_FUNCTION = YES;
				GCC_WARN_UNUSED_VARIABLE = YES;
				IPHONEOS_DEPLOYMENT_TARGET = 13.0;
				MTL_ENABLE_DEBUG_INFO = NO;
				MTL_FAST_MATH = YES;
				SDKROOT = iphoneos;
				SWIFT_COMPILATION_MODE = wholemodule;
				SWIFT_OPTIMIZATION_LEVEL = "-O";
				VALIDATE_PRODUCT = YES;
			};
			name = Release;
		};
		B2CA46F32793508A0041B3A5 /* Debug */ = {
			isa = XCBuildConfiguration;
			buildSettings = {
				ASSETCATALOG_COMPILER_APPICON_NAME = AppIcon;
				ASSETCATALOG_COMPILER_GLOBAL_ACCENT_COLOR_NAME = AccentColor;
				CODE_SIGN_STYLE = Automatic;
				CURRENT_PROJECT_VERSION = 1;
				DEVELOPMENT_TEAM = 7DM2UT7C8G;
				GENERATE_INFOPLIST_FILE = YES;
				INFOPLIST_FILE = MoneyBox/Info.plist;
				INFOPLIST_KEY_UIApplicationSupportsIndirectInputEvents = YES;
				INFOPLIST_KEY_UILaunchStoryboardName = LaunchScreen;
				INFOPLIST_KEY_UIMainStoryboardFile = Main;
				INFOPLIST_KEY_UISupportedInterfaceOrientations_iPad = "UIInterfaceOrientationPortrait UIInterfaceOrientationPortraitUpsideDown UIInterfaceOrientationLandscapeLeft UIInterfaceOrientationLandscapeRight";
				INFOPLIST_KEY_UISupportedInterfaceOrientations_iPhone = "UIInterfaceOrientationPortrait UIInterfaceOrientationLandscapeLeft UIInterfaceOrientationLandscapeRight";
				IPHONEOS_DEPLOYMENT_TARGET = 13.0;
				LD_RUNPATH_SEARCH_PATHS = (
					"$(inherited)",
					"@executable_path/Frameworks",
				);
				MARKETING_VERSION = 1.0;
				PRODUCT_BUNDLE_IDENTIFIER = moneybox;
				PRODUCT_NAME = "$(TARGET_NAME)";
				SWIFT_EMIT_LOC_STRINGS = YES;
				SWIFT_VERSION = 5.0;
				TARGETED_DEVICE_FAMILY = 1;
			};
			name = Debug;
		};
		B2CA46F42793508A0041B3A5 /* Release */ = {
			isa = XCBuildConfiguration;
			buildSettings = {
				ASSETCATALOG_COMPILER_APPICON_NAME = AppIcon;
				ASSETCATALOG_COMPILER_GLOBAL_ACCENT_COLOR_NAME = AccentColor;
				CODE_SIGN_STYLE = Automatic;
				CURRENT_PROJECT_VERSION = 1;
				DEVELOPMENT_TEAM = 7DM2UT7C8G;
				GENERATE_INFOPLIST_FILE = YES;
				INFOPLIST_FILE = MoneyBox/Info.plist;
				INFOPLIST_KEY_UIApplicationSupportsIndirectInputEvents = YES;
				INFOPLIST_KEY_UILaunchStoryboardName = LaunchScreen;
				INFOPLIST_KEY_UIMainStoryboardFile = Main;
				INFOPLIST_KEY_UISupportedInterfaceOrientations_iPad = "UIInterfaceOrientationPortrait UIInterfaceOrientationPortraitUpsideDown UIInterfaceOrientationLandscapeLeft UIInterfaceOrientationLandscapeRight";
				INFOPLIST_KEY_UISupportedInterfaceOrientations_iPhone = "UIInterfaceOrientationPortrait UIInterfaceOrientationLandscapeLeft UIInterfaceOrientationLandscapeRight";
				IPHONEOS_DEPLOYMENT_TARGET = 13.0;
				LD_RUNPATH_SEARCH_PATHS = (
					"$(inherited)",
					"@executable_path/Frameworks",
				);
				MARKETING_VERSION = 1.0;
				PRODUCT_BUNDLE_IDENTIFIER = moneybox;
				PRODUCT_NAME = "$(TARGET_NAME)";
				SWIFT_EMIT_LOC_STRINGS = YES;
				SWIFT_VERSION = 5.0;
				TARGETED_DEVICE_FAMILY = 1;
			};
			name = Release;
		};
		B2CA46F62793508A0041B3A5 /* Debug */ = {
			isa = XCBuildConfiguration;
			buildSettings = {
				ALWAYS_EMBED_SWIFT_STANDARD_LIBRARIES = YES;
				BUNDLE_LOADER = "$(TEST_HOST)";
				CODE_SIGN_STYLE = Automatic;
				CURRENT_PROJECT_VERSION = 1;
				DEVELOPMENT_TEAM = 7DM2UT7C8G;
				GENERATE_INFOPLIST_FILE = YES;
				IPHONEOS_DEPLOYMENT_TARGET = 15.2;
				MARKETING_VERSION = 1.0;
				PRODUCT_BUNDLE_IDENTIFIER = kara.MoneyBoxTests;
				PRODUCT_NAME = "$(TARGET_NAME)";
				SWIFT_EMIT_LOC_STRINGS = NO;
				SWIFT_VERSION = 5.0;
				TARGETED_DEVICE_FAMILY = "1,2";
				TEST_HOST = "$(BUILT_PRODUCTS_DIR)/MoneyBox.app/MoneyBox";
			};
			name = Debug;
		};
		B2CA46F72793508A0041B3A5 /* Release */ = {
			isa = XCBuildConfiguration;
			buildSettings = {
				ALWAYS_EMBED_SWIFT_STANDARD_LIBRARIES = YES;
				BUNDLE_LOADER = "$(TEST_HOST)";
				CODE_SIGN_STYLE = Automatic;
				CURRENT_PROJECT_VERSION = 1;
				DEVELOPMENT_TEAM = 7DM2UT7C8G;
				GENERATE_INFOPLIST_FILE = YES;
				IPHONEOS_DEPLOYMENT_TARGET = 15.2;
				MARKETING_VERSION = 1.0;
				PRODUCT_BUNDLE_IDENTIFIER = kara.MoneyBoxTests;
				PRODUCT_NAME = "$(TARGET_NAME)";
				SWIFT_EMIT_LOC_STRINGS = NO;
				SWIFT_VERSION = 5.0;
				TARGETED_DEVICE_FAMILY = "1,2";
				TEST_HOST = "$(BUILT_PRODUCTS_DIR)/MoneyBox.app/MoneyBox";
			};
			name = Release;
		};
/* End XCBuildConfiguration section */

/* Begin XCConfigurationList section */
		B2CA46C3279350880041B3A5 /* Build configuration list for PBXProject "MoneyBox" */ = {
			isa = XCConfigurationList;
			buildConfigurations = (
				B2CA46F02793508A0041B3A5 /* Debug */,
				B2CA46F12793508A0041B3A5 /* Release */,
			);
			defaultConfigurationIsVisible = 0;
			defaultConfigurationName = Release;
		};
		B2CA46F22793508A0041B3A5 /* Build configuration list for PBXNativeTarget "MoneyBox" */ = {
			isa = XCConfigurationList;
			buildConfigurations = (
				B2CA46F32793508A0041B3A5 /* Debug */,
				B2CA46F42793508A0041B3A5 /* Release */,
			);
			defaultConfigurationIsVisible = 0;
			defaultConfigurationName = Release;
		};
		B2CA46F52793508A0041B3A5 /* Build configuration list for PBXNativeTarget "MoneyBoxTests" */ = {
			isa = XCConfigurationList;
			buildConfigurations = (
				B2CA46F62793508A0041B3A5 /* Debug */,
				B2CA46F72793508A0041B3A5 /* Release */,
			);
			defaultConfigurationIsVisible = 0;
			defaultConfigurationName = Release;
		};
/* End XCConfigurationList section */

/* Begin XCSwiftPackageProductDependency section */
		B26EF47728881E7F003BFDF2 /* Networking */ = {
			isa = XCSwiftPackageProductDependency;
			productName = Networking;
		};
/* End XCSwiftPackageProductDependency section */
	};
	rootObject = B2CA46C0279350880041B3A5 /* Project object */;
}
